
Microsoft Visual Studio Solution File, Format Version 12.00
# Visual Studio Version 16
VisualStudioVersion = 16.0.32228.343
MinimumVisualStudioVersion = 10.0.40219.1
Project("{FAE04EC0-301F-11D3-BF4B-00C04F79EFBC}") = "LifeCareHospital", "LifeCareHospital\LifeCareHospital.csproj", "{8F4F7082-7A84-43D6-9D3C-EC962C3D354C}"
EndProject
Project("{FAE04EC0-301F-11D3-BF4B-00C04F79EFBC}") = "LifeCareHospital.Models", "LifeCareHospital.Models\LifeCareHospital.Models.csproj", "{00AAA438-86EB-4CEE-88DB-458789C30ED4}"
EndProject
Project("{FAE04EC0-301F-11D3-BF4B-00C04F79EFBC}") = "Hospital.Models", "Hospital.Models\Hospital.Models.csproj", "{EAB4E82F-3EC8-4731-9D48-CDB8EB18B543}"
EndProject
Global
	GlobalSection(SolutionConfigurationPlatforms) = preSolution
		Debug|Any CPU = Debug|Any CPU
		Release|Any CPU = Release|Any CPU
	EndGlobalSection
	GlobalSection(ProjectConfigurationPlatforms) = postSolution
		{8F4F7082-7A84-43D6-9D3C-EC962C3D354C}.Debug|Any CPU.ActiveCfg = Debug|Any CPU
		{8F4F7082-7A84-43D6-9D3C-EC962C3D354C}.Debug|Any CPU.Build.0 = Debug|Any CPU
		{8F4F7082-7A84-43D6-9D3C-EC962C3D354C}.Release|Any CPU.ActiveCfg = Release|Any CPU
		{8F4F7082-7A84-43D6-9D3C-EC962C3D354C}.Release|Any CPU.Build.0 = Release|Any CPU
		{00AAA438-86EB-4CEE-88DB-458789C30ED4}.Debug|Any CPU.ActiveCfg = Debug|Any CPU
		{00AAA438-86EB-4CEE-88DB-458789C30ED4}.Debug|Any CPU.Build.0 = Debug|Any CPU
		{00AAA438-86EB-4CEE-88DB-458789C30ED4}.Release|Any CPU.ActiveCfg = Release|Any CPU
		{00AAA438-86EB-4CEE-88DB-458789C30ED4}.Release|Any CPU.Build.0 = Release|Any CPU
		{EAB4E82F-3EC8-4731-9D48-CDB8EB18B543}.Debug|Any CPU.ActiveCfg = Debug|Any CPU
		{EAB4E82F-3EC8-4731-9D48-CDB8EB18B543}.Debug|Any CPU.Build.0 = Debug|Any CPU
		{EAB4E82F-3EC8-4731-9D48-CDB8EB18B543}.Release|Any CPU.ActiveCfg = Release|Any CPU
		{EAB4E82F-3EC8-4731-9D48-CDB8EB18B543}.Release|Any CPU.Build.0 = Release|Any CPU
	EndGlobalSection
	GlobalSection(SolutionProperties) = preSolution
		HideSolutionNode = FALSE
	EndGlobalSection
	GlobalSection(ExtensibilityGlobals) = postSolution
		SolutionGuid = {3DD321D3-7679-4C6D-B7ED-CF5F66A5B7FD}
	EndGlobalSection
EndGlobal
